
Microsoft Visual Studio Solution File, Format Version 12.00
# Visual Studio Version 17
VisualStudioVersion = 17.5.002.0
MinimumVisualStudioVersion = 10.0.40219.1
Project("{9A19103F-16F7-4668-BE54-9A1E7A4F7556}") = "pipelines-dotnet-core", "pipelines-dotnet-core.csproj", "{7B1AFB9E-ADE1-4D98-AE12-EDCC0894133D}"
EndProject
Global
	GlobalSection(SolutionConfigurationPlatforms) = preSolution
		Debug|Any CPU = Debug|Any CPU
		Release|Any CPU = Release|Any CPU
	EndGlobalSection
	GlobalSection(ProjectConfigurationPlatforms) = postSolution
		{7B1AFB9E-ADE1-4D98-AE12-EDCC0894133D}.Debug|Any CPU.ActiveCfg = Debug|Any CPU
		{7B1AFB9E-ADE1-4D98-AE12-EDCC0894133D}.Debug|Any CPU.Build.0 = Debug|Any CPU
		{7B1AFB9E-ADE1-4D98-AE12-EDCC0894133D}.Release|Any CPU.ActiveCfg = Release|Any CPU
		{7B1AFB9E-ADE1-4D98-AE12-EDCC0894133D}.Release|Any CPU.Build.0 = Release|Any CPU
	EndGlobalSection
	GlobalSection(SolutionProperties) = preSolution
		HideSolutionNode = FALSE
	EndGlobalSection
	GlobalSection(ExtensibilityGlobals) = postSolution
		SolutionGuid = {5817DE30-C050-40F9-8FB1-BB4632972AED}
	EndGlobalSection
EndGlobal
